{
  "name": "@financial-times/origami-service-makefile",
  "version": "0.0.0",
  "lockfileVersion": 1,
  "requires": true,
  "dependencies": {
    "esm": {
      "version": "3.0.18",
      "resolved": "https://registry.npmjs.org/esm/-/esm-3.0.18.tgz",
      "integrity": "sha512-rkoylON9QyeKy33mZR8yYTdQeuqogI+G/h2TUf6/NIaW2Ivh4s2BXIMhi5aw1xDAsdWIJCnFQDu5GDMyoxRlgw=="
    }
  }
}
